{
  "name": "faridoon",
  "lockfileVersion": 3,
  "requires": true,
  "packages": {
    "": {
      "name": "faridoon",
      "dependencies": {
        "femtocrank": "^2.5.0"
      }
    },
    "node_modules/femtocrank": {
      "version": "2.5.0",
      "resolved": "https://registry.npmjs.org/femtocrank/-/femtocrank-2.5.0.tgz",
      "integrity": "sha512-plV1HNS/fUzohWJ349kuCBZ3TCfXz7V4F/sY2lVbVWtGXUV+aHxLG6IddAMEf64k2LJ8j0KVrj+nIIKepFaKvg==",
      "license": "AGPL-3.0"
    }
  }
}
